Microsoft Visual Studio Solution File, Format Version 11.00
# Visual Studio 2008

Project("{F9CD5294-FFFA-35B8-A5AB-84B2A17B64E7}") = "IsoUnity", "Assembly-CSharp-vs.csproj", "{5E68D782-B092-2BCF-F587-B558293538B9}"
EndProject
Project("{F9CD5294-FFFA-35B8-A5AB-84B2A17B64E7}") = "IsoUnity", "Assembly-CSharp-Editor-vs.csproj", "{825BDEAD-E620-1C97-EAA1-C0B054AAF826}"
EndProject
Global
	GlobalSection(SolutionConfigurationPlatforms) = preSolution
		Debug|Any CPU = Debug|Any CPU
		Release|Any CPU = Release|Any CPU
	EndGlobalSection
	GlobalSection(ProjectConfigurationPlatforms) = postSolution
		{5E68D782-B092-2BCF-F587-B558293538B9}.Debug|Any CPU.ActiveCfg = Debug|Any CPU
		{5E68D782-B092-2BCF-F587-B558293538B9}.Debug|Any CPU.Build.0 = Debug|Any CPU
		{5E68D782-B092-2BCF-F587-B558293538B9}.Release|Any CPU.ActiveCfg = Release|Any CPU
		{5E68D782-B092-2BCF-F587-B558293538B9}.Release|Any CPU.Build.0 = Release|Any CPU
		{825BDEAD-E620-1C97-EAA1-C0B054AAF826}.Debug|Any CPU.ActiveCfg = Debug|Any CPU
		{825BDEAD-E620-1C97-EAA1-C0B054AAF826}.Debug|Any CPU.Build.0 = Debug|Any CPU
		{825BDEAD-E620-1C97-EAA1-C0B054AAF826}.Release|Any CPU.ActiveCfg = Release|Any CPU
		{825BDEAD-E620-1C97-EAA1-C0B054AAF826}.Release|Any CPU.Build.0 = Release|Any CPU
	EndGlobalSection
	GlobalSection(SolutionProperties) = preSolution
		HideSolutionNode = FALSE
	EndGlobalSection
																																																																																																																																																																																																																																																																																																		GlobalSection(MonoDevelopProperties) = preSolution
		StartupItem = Assembly-CSharp.csproj
		Policies = $0
		$0.TextStylePolicy = $1
		$1.inheritsSet = null
		$1.scope = text/x-csharp
		$0.CSharpFormattingPolicy = $2
		$2.inheritsSet = Mono
		$2.inheritsScope = text/x-csharp
		$2.scope = text/x-csharp
		$0.TextStylePolicy = $3
		$3.FileWidth = 120
		$3.TabWidth = 4
		$3.EolMarker = Unix
		$3.inheritsSet = Mono
		$3.inheritsScope = text/plain
		$3.scope = text/plain
	EndGlobalSection

EndGlobal
