Microsoft Visual Studio Solution File, Format Version 11.00
# Visual Studio 2008

Project("{ED0FE36B-F4E0-B5EE-544B-984275F3B7AA}") = "PruebaImportIsoUnity", "Assembly-CSharp.csproj", "{0DB142E2-020B-C44B-335B-54A03CDA95FD}"
EndProject
Project("{ED0FE36B-F4E0-B5EE-544B-984275F3B7AA}") = "PruebaImportIsoUnity", "Assembly-CSharp-Editor.csproj", "{F529ECE4-DD56-45FA-8E3E-CAC962DBBF4A}"
EndProject
Project("{ED0FE36B-F4E0-B5EE-544B-984275F3B7AA}") = "PruebaImportIsoUnity", "Assembly-UnityScript.unityproj", "{2F6CB123-1DBB-0E0C-B58E-8243C1814466}"
EndProject
Global
	GlobalSection(SolutionConfigurationPlatforms) = preSolution
		Debug|Any CPU = Debug|Any CPU
		Release|Any CPU = Release|Any CPU
	EndGlobalSection
	GlobalSection(ProjectConfigurationPlatforms) = postSolution
		{0DB142E2-020B-C44B-335B-54A03CDA95FD}.Debug|Any CPU.ActiveCfg = Debug|Any CPU
		{0DB142E2-020B-C44B-335B-54A03CDA95FD}.Debug|Any CPU.Build.0 = Debug|Any CPU
		{0DB142E2-020B-C44B-335B-54A03CDA95FD}.Release|Any CPU.ActiveCfg = Release|Any CPU
		{0DB142E2-020B-C44B-335B-54A03CDA95FD}.Release|Any CPU.Build.0 = Release|Any CPU
		{F529ECE4-DD56-45FA-8E3E-CAC962DBBF4A}.Debug|Any CPU.ActiveCfg = Debug|Any CPU
		{F529ECE4-DD56-45FA-8E3E-CAC962DBBF4A}.Debug|Any CPU.Build.0 = Debug|Any CPU
		{F529ECE4-DD56-45FA-8E3E-CAC962DBBF4A}.Release|Any CPU.ActiveCfg = Release|Any CPU
		{F529ECE4-DD56-45FA-8E3E-CAC962DBBF4A}.Release|Any CPU.Build.0 = Release|Any CPU
		{2F6CB123-1DBB-0E0C-B58E-8243C1814466}.Debug|Any CPU.ActiveCfg = Debug|Any CPU
		{2F6CB123-1DBB-0E0C-B58E-8243C1814466}.Debug|Any CPU.Build.0 = Debug|Any CPU
		{2F6CB123-1DBB-0E0C-B58E-8243C1814466}.Release|Any CPU.ActiveCfg = Release|Any CPU
		{2F6CB123-1DBB-0E0C-B58E-8243C1814466}.Release|Any CPU.Build.0 = Release|Any CPU
	EndGlobalSection
	GlobalSection(SolutionProperties) = preSolution
		HideSolutionNode = FALSE
	EndGlobalSection
																																																					GlobalSection(MonoDevelopProperties) = preSolution
		StartupItem = Assembly-CSharp.csproj
		Policies = $0
		$0.TextStylePolicy = $1
		$1.inheritsSet = null
		$1.scope = text/x-csharp
		$0.CSharpFormattingPolicy = $2
		$2.inheritsSet = Mono
		$2.inheritsScope = text/x-csharp
		$2.scope = text/x-csharp
		$0.TextStylePolicy = $3
		$3.FileWidth = 120
		$3.TabWidth = 4
		$3.EolMarker = Unix
		$3.inheritsSet = Mono
		$3.inheritsScope = text/plain
		$3.scope = text/plain
	EndGlobalSection

EndGlobal
